// !$*UTF8*$!
{
	archiveVersion = 1;
	classes = {
	};
	objectVersion = 46;
	objects = {

/* Begin PBXBuildFile section */
		1B5BCE821BE6343500911C34 /* CrosshairImageView.swift in Sources */ = {isa = PBXBuildFile; fileRef = 1B5BCE811BE6343500911C34 /* CrosshairImageView.swift */; };
		1B5BCE841BE649C500911C34 /* InspectButton.swift in Sources */ = {isa = PBXBuildFile; fileRef = 1B5BCE831BE649C500911C34 /* InspectButton.swift */; };
		1B5BCE861BE6DFE900911C34 /* MouseHook.swift in Sources */ = {isa = PBXBuildFile; fileRef = 1B5BCE851BE6DFE900911C34 /* MouseHook.swift */; };
		1B6C8A391B783C5F00713D00 /* AppDelegate.m in Sources */ = {isa = PBXBuildFile; fileRef = 1B6C8A381B783C5F00713D00 /* AppDelegate.m */; };
		1B6C8A3B1B783C5F00713D00 /* main.m in Sources */ = {isa = PBXBuildFile; fileRef = 1B6C8A3A1B783C5F00713D00 /* main.m */; };
		1B6C8A3E1B783C5F00713D00 /* ViewController.m in Sources */ = {isa = PBXBuildFile; fileRef = 1B6C8A3D1B783C5F00713D00 /* ViewController.m */; };
		1B6C8A401B783C5F00713D00 /* Images.xcassets in Resources */ = {isa = PBXBuildFile; fileRef = 1B6C8A3F1B783C5F00713D00 /* Images.xcassets */; };
		1B6C8A431B783C5F00713D00 /* Main.storyboard in Resources */ = {isa = PBXBuildFile; fileRef = 1B6C8A411B783C5F00713D00 /* Main.storyboard */; };
		1B6C8A4F1B783C5F00713D00 /* ColorInspectorTests.m in Sources */ = {isa = PBXBuildFile; fileRef = 1B6C8A4E1B783C5F00713D00 /* ColorInspectorTests.m */; };
/* End PBXBuildFile section */

/* Begin PBXContainerItemProxy section */
		1B6C8A491B783C5F00713D00 /* PBXContainerItemProxy */ = {
			isa = PBXContainerItemProxy;
			containerPortal = 1B6C8A2A1B783C5E00713D00 /* Project object */;
			proxyType = 1;
			remoteGlobalIDString = 1B6C8A311B783C5E00713D00;
			remoteInfo = ColorInspector;
		};
/* End PBXContainerItemProxy section */

/* Begin PBXFileReference section */
		1B5BCE7E1BE633F700911C34 /* ColorInspector-Bridging-Header.h */ = {isa = PBXFileReference; lastKnownFileType = sourcecode.c.h; path = "ColorInspector-Bridging-Header.h"; sourceTree = "<group>"; };
		1B5BCE811BE6343500911C34 /* CrosshairImageView.swift */ = {isa = PBXFileReference; fileEncoding = 4; lastKnownFileType = sourcecode.swift; path = CrosshairImageView.swift; sourceTree = "<group>"; };
		1B5BCE831BE649C500911C34 /* InspectButton.swift */ = {isa = PBXFileReference; fileEncoding = 4; lastKnownFileType = sourcecode.swift; path = InspectButton.swift; sourceTree = "<group>"; };
		1B5BCE851BE6DFE900911C34 /* MouseHook.swift */ = {isa = PBXFileReference; fileEncoding = 4; lastKnownFileType = sourcecode.swift; path = MouseHook.swift; sourceTree = "<group>"; };
		1B6C8A321B783C5F00713D00 /* ColorInspector.app */ = {isa = PBXFileReference; explicitFileType = wrapper.application; includeInIndex = 0; path = ColorInspector.app; sourceTree = BUILT_PRODUCTS_DIR; };
		1B6C8A361B783C5F00713D00 /* Info.plist */ = {isa = PBXFileReference; lastKnownFileType = text.plist.xml; path = Info.plist; sourceTree = "<group>"; };
		1B6C8A371B783C5F00713D00 /* AppDelegate.h */ = {isa = PBXFileReference; lastKnownFileType = sourcecode.c.h; path = AppDelegate.h; sourceTree = "<group>"; };
		1B6C8A381B783C5F00713D00 /* AppDelegate.m */ = {isa = PBXFileReference; lastKnownFileType = sourcecode.c.objc; path = AppDelegate.m; sourceTree = "<group>"; };
		1B6C8A3A1B783C5F00713D00 /* main.m */ = {isa = PBXFileReference; lastKnownFileType = sourcecode.c.objc; path = main.m; sourceTree = "<group>"; };
		1B6C8A3C1B783C5F00713D00 /* ViewController.h */ = {isa = PBXFileReference; lastKnownFileType = sourcecode.c.h; path = ViewController.h; sourceTree = "<group>"; };
		1B6C8A3D1B783C5F00713D00 /* ViewController.m */ = {isa = PBXFileReference; lastKnownFileType = sourcecode.c.objc; path = ViewController.m; sourceTree = "<group>"; };
		1B6C8A3F1B783C5F00713D00 /* Images.xcassets */ = {isa = PBXFileReference; lastKnownFileType = folder.assetcatalog; path = Images.xcassets; sourceTree = "<group>"; };
		1B6C8A421B783C5F00713D00 /* Base */ = {isa = PBXFileReference; lastKnownFileType = file.storyboard; name = Base; path = Base.lproj/Main.storyboard; sourceTree = "<group>"; };
		1B6C8A481B783C5F00713D00 /* ColorInspectorTests.xctest */ = {isa = PBXFileReference; explicitFileType = wrapper.cfbundle; includeInIndex = 0; path = ColorInspectorTests.xctest; sourceTree = BUILT_PRODUCTS_DIR; };
		1B6C8A4D1B783C5F00713D00 /* Info.plist */ = {isa = PBXFileReference; lastKnownFileType = text.plist.xml; path = Info.plist; sourceTree = "<group>"; };
		1B6C8A4E1B783C5F00713D00 /* ColorInspectorTests.m */ = {isa = PBXFileReference; lastKnownFileType = sourcecode.c.objc; path = ColorInspectorTests.m; sourceTree = "<group>"; };
/* End PBXFileReference section */

/* Begin PBXFrameworksBuildPhase section */
		1B6C8A2F1B783C5E00713D00 /* Frameworks */ = {
			isa = PBXFrameworksBuildPhase;
			buildActionMask = 2147483647;
			files = (
			);
			runOnlyForDeploymentPostprocessing = 0;
		};
		1B6C8A451B783C5F00713D00 /* Frameworks */ = {
			isa = PBXFrameworksBuildPhase;
			buildActionMask = 2147483647;
			files = (
			);
			runOnlyForDeploymentPostprocessing = 0;
		};
/* End PBXFrameworksBuildPhase section */

/* Begin PBXGroup section */
		1B6C8A291B783C5E00713D00 = {
			isa = PBXGroup;
			children = (
				1B6C8A341B783C5F00713D00 /* ColorInspector */,
				1B6C8A351B783C5F00713D00 /* Supporting Files */,
				1B6C8A4B1B783C5F00713D00 /* ColorInspectorTests */,
				1B6C8A331B783C5F00713D00 /* Products */,
			);
			sourceTree = "<group>";
		};
		1B6C8A331B783C5F00713D00 /* Products */ = {
			isa = PBXGroup;
			children = (
				1B6C8A321B783C5F00713D00 /* ColorInspector.app */,
				1B6C8A481B783C5F00713D00 /* ColorInspectorTests.xctest */,
			);
			name = Products;
			sourceTree = "<group>";
		};
		1B6C8A341B783C5F00713D00 /* ColorInspector */ = {
			isa = PBXGroup;
			children = (
				1B6C8A371B783C5F00713D00 /* AppDelegate.h */,
				1B6C8A381B783C5F00713D00 /* AppDelegate.m */,
				1B6C8A3C1B783C5F00713D00 /* ViewController.h */,
				1B6C8A3D1B783C5F00713D00 /* ViewController.m */,
				1B6C8A411B783C5F00713D00 /* Main.storyboard */,
				1B5BCE811BE6343500911C34 /* CrosshairImageView.swift */,
				1B5BCE831BE649C500911C34 /* InspectButton.swift */,
				1B6C8A3F1B783C5F00713D00 /* Images.xcassets */,
				1B5BCE7E1BE633F700911C34 /* ColorInspector-Bridging-Header.h */,
				1B5BCE851BE6DFE900911C34 /* MouseHook.swift */,
			);
			path = ColorInspector;
			sourceTree = "<group>";
		};
		1B6C8A351B783C5F00713D00 /* Supporting Files */ = {
			isa = PBXGroup;
			children = (
				1B6C8A361B783C5F00713D00 /* Info.plist */,
				1B6C8A3A1B783C5F00713D00 /* main.m */,
			);
			name = "Supporting Files";
			path = ColorInspector;
			sourceTree = "<group>";
		};
		1B6C8A4B1B783C5F00713D00 /* ColorInspectorTests */ = {
			isa = PBXGroup;
			children = (
				1B6C8A4E1B783C5F00713D00 /* ColorInspectorTests.m */,
				1B6C8A4C1B783C5F00713D00 /* Supporting Files */,
			);
			path = ColorInspectorTests;
			sourceTree = "<group>";
		};
		1B6C8A4C1B783C5F00713D00 /* Supporting Files */ = {
			isa = PBXGroup;
			children = (
				1B6C8A4D1B783C5F00713D00 /* Info.plist */,
			);
			name = "Supporting Files";
			sourceTree = "<group>";
		};
/* End PBXGroup section */

/* Begin PBXNativeTarget section */
		1B6C8A311B783C5E00713D00 /* ColorInspector */ = {
			isa = PBXNativeTarget;
			buildConfigurationList = 1B6C8A521B783C5F00713D00 /* Build configuration list for PBXNativeTarget "ColorInspector" */;
			buildPhases = (
				1B6C8A2E1B783C5E00713D00 /* Sources */,
				1B6C8A2F1B783C5E00713D00 /* Frameworks */,
				1B6C8A301B783C5E00713D00 /* Resources */,
			);
			buildRules = (
			);
			dependencies = (
			);
			name = ColorInspector;
			productName = ColorInspector;
			productReference = 1B6C8A321B783C5F00713D00 /* ColorInspector.app */;
			productType = "com.apple.product-type.application";
		};
		1B6C8A471B783C5F00713D00 /* ColorInspectorTests */ = {
			isa = PBXNativeTarget;
			buildConfigurationList = 1B6C8A551B783C5F00713D00 /* Build configuration list for PBXNativeTarget "ColorInspectorTests" */;
			buildPhases = (
				1B6C8A441B783C5F00713D00 /* Sources */,
				1B6C8A451B783C5F00713D00 /* Frameworks */,
				1B6C8A461B783C5F00713D00 /* Resources */,
			);
			buildRules = (
			);
			dependencies = (
				1B6C8A4A1B783C5F00713D00 /* PBXTargetDependency */,
			);
			name = ColorInspectorTests;
			productName = ColorInspectorTests;
			productReference = 1B6C8A481B783C5F00713D00 /* ColorInspectorTests.xctest */;
			productType = "com.apple.product-type.bundle.unit-test";
		};
/* End PBXNativeTarget section */

/* Begin PBXProject section */
		1B6C8A2A1B783C5E00713D00 /* Project object */ = {
			isa = PBXProject;
			attributes = {
				LastSwiftUpdateCheck = 0710;
				LastUpgradeCheck = 0710;
				ORGANIZATIONNAME = "Alan Rahlf";
				TargetAttributes = {
					1B6C8A311B783C5E00713D00 = {
						CreatedOnToolsVersion = 6.4;
					};
					1B6C8A471B783C5F00713D00 = {
						CreatedOnToolsVersion = 6.4;
						TestTargetID = 1B6C8A311B783C5E00713D00;
					};
				};
			};
			buildConfigurationList = 1B6C8A2D1B783C5E00713D00 /* Build configuration list for PBXProject "ColorInspector" */;
			compatibilityVersion = "Xcode 3.2";
			developmentRegion = English;
			hasScannedForEncodings = 0;
			knownRegions = (
				en,
				Base,
			);
			mainGroup = 1B6C8A291B783C5E00713D00;
			productRefGroup = 1B6C8A331B783C5F00713D00 /* Products */;
			projectDirPath = "";
			projectRoot = "";
			targets = (
				1B6C8A311B783C5E00713D00 /* ColorInspector */,
				1B6C8A471B783C5F00713D00 /* ColorInspectorTests */,
			);
		};
/* End PBXProject section */

/* Begin PBXResourcesBuildPhase section */
		1B6C8A301B783C5E00713D00 /* Resources */ = {
			isa = PBXResourcesBuildPhase;
			buildActionMask = 2147483647;
			files = (
				1B6C8A401B783C5F00713D00 /* Images.xcassets in Resources */,
				1B6C8A431B783C5F00713D00 /* Main.storyboard in Resources */,
			);
			runOnlyForDeploymentPostprocessing = 0;
		};
		1B6C8A461B783C5F00713D00 /* Resources */ = {
			isa = PBXResourcesBuildPhase;
			buildActionMask = 2147483647;
			files = (
			);
			runOnlyForDeploymentPostprocessing = 0;
		};
/* End PBXResourcesBuildPhase section */

/* Begin PBXSourcesBuildPhase section */
		1B6C8A2E1B783C5E00713D00 /* Sources */ = {
			isa = PBXSourcesBuildPhase;
			buildActionMask = 2147483647;
			files = (
				1B6C8A3E1B783C5F00713D00 /* ViewController.m in Sources */,
				1B6C8A3B1B783C5F00713D00 /* main.m in Sources */,
				1B6C8A391B783C5F00713D00 /* AppDelegate.m in Sources */,
				1B5BCE861BE6DFE900911C34 /* MouseHook.swift in Sources */,
				1B5BCE841BE649C500911C34 /* InspectButton.swift in Sources */,
				1B5BCE821BE6343500911C34 /* CrosshairImageView.swift in Sources */,
			);
			runOnlyForDeploymentPostprocessing = 0;
		};
		1B6C8A441B783C5F00713D00 /* Sources */ = {
			isa = PBXSourcesBuildPhase;
			buildActionMask = 2147483647;
			files = (
				1B6C8A4F1B783C5F00713D00 /* ColorInspectorTests.m in Sources */,
			);
			runOnlyForDeploymentPostprocessing = 0;
		};
/* End PBXSourcesBuildPhase section */

/* Begin PBXTargetDependency section */
		1B6C8A4A1B783C5F00713D00 /* PBXTargetDependency */ = {
			isa = PBXTargetDependency;
			target = 1B6C8A311B783C5E00713D00 /* ColorInspector */;
			targetProxy = 1B6C8A491B783C5F00713D00 /* PBXContainerItemProxy */;
		};
/* End PBXTargetDependency section */

/* Begin PBXVariantGroup section */
		1B6C8A411B783C5F00713D00 /* Main.storyboard */ = {
			isa = PBXVariantGroup;
			children = (
				1B6C8A421B783C5F00713D00 /* Base */,
			);
			name = Main.storyboard;
			sourceTree = "<group>";
		};
/* End PBXVariantGroup section */

/* Begin XCBuildConfiguration section */
		1B6C8A501B783C5F00713D00 /* Debug */ = {
			isa = XCBuildConfiguration;
			buildSettings = {
				ALWAYS_SEARCH_USER_PATHS = NO;
				CLANG_CXX_LANGUAGE_STANDARD = "gnu++0x";
				CLANG_CXX_LIBRARY = "libc++";
				CLANG_ENABLE_MODULES = YES;
				CLANG_ENABLE_OBJC_ARC = YES;
				CLANG_WARN_BOOL_CONVERSION = YES;
				CLANG_WARN_CONSTANT_CONVERSION = YES;
				CLANG_WARN_DIRECT_OBJC_ISA_USAGE = YES_ERROR;
				CLANG_WARN_EMPTY_BODY = YES;
				CLANG_WARN_ENUM_CONVERSION = YES;
				CLANG_WARN_INT_CONVERSION = YES;
				CLANG_WARN_OBJC_ROOT_CLASS = YES_ERROR;
				CLANG_WARN_UNREACHABLE_CODE = YES;
				CLANG_WARN__DUPLICATE_METHOD_MATCH = YES;
				CODE_SIGN_IDENTITY = "-";
				COPY_PHASE_STRIP = NO;
				DEBUG_INFORMATION_FORMAT = dwarf;
				ENABLE_STRICT_OBJC_MSGSEND = YES;
				ENABLE_TESTABILITY = YES;
				GCC_C_LANGUAGE_STANDARD = gnu99;
				GCC_DYNAMIC_NO_PIC = NO;
				GCC_NO_COMMON_BLOCKS = YES;
				GCC_OPTIMIZATION_LEVEL = 0;
				GCC_PREPROCESSOR_DEFINITIONS = (
					"DEBUG=1",
					"$(inherited)",
				);
				GCC_SYMBOLS_PRIVATE_EXTERN = NO;
				GCC_WARN_64_TO_32_BIT_CONVERSION = YES;
				GCC_WARN_ABOUT_RETURN_TYPE = YES_ERROR;
				GCC_WARN_UNDECLARED_SELECTOR = YES;
				GCC_WARN_UNINITIALIZED_AUTOS = YES_AGGRESSIVE;
				GCC_WARN_UNUSED_FUNCTION = YES;
				GCC_WARN_UNUSED_VARIABLE = YES;
				MACOSX_DEPLOYMENT_TARGET = 10.11;
				MTL_ENABLE_DEBUG_INFO = YES;
				ONLY_ACTIVE_ARCH = YES;
				SDKROOT = macosx;
			};
			name = Debug;
		};
		1B6C8A511B783C5F00713D00 /* Release */ = {
			isa = XCBuildConfiguration;
			buildSettings = {
				ALWAYS_SEARCH_USER_PATHS = NO;
				CLANG_CXX_LANGUAGE_STANDARD = "gnu++0x";
				CLANG_CXX_LIBRARY = "libc++";
				CLANG_ENABLE_MODULES = YES;
				CLANG_ENABLE_OBJC_ARC = YES;
				CLANG_WARN_BOOL_CONVERSION = YES;
				CLANG_WARN_CONSTANT_CONVERSION = YES;
				CLANG_WARN_DIRECT_OBJC_ISA_USAGE = YES_ERROR;
				CLANG_WARN_EMPTY_BODY = YES;
				CLANG_WARN_ENUM_CONVERSION = YES;
				CLANG_WARN_INT_CONVERSION = YES;
				CLANG_WARN_OBJC_ROOT_CLASS = YES_ERROR;
				CLANG_WARN_UNREACHABLE_CODE = YES;
				CLANG_WARN__DUPLICATE_METHOD_MATCH = YES;
				CODE_SIGN_IDENTITY = "-";
				COPY_PHASE_STRIP = NO;
				DEBUG_INFORMATION_FORMAT = "dwarf-with-dsym";
				ENABLE_NS_ASSERTIONS = NO;
				ENABLE_STRICT_OBJC_MSGSEND = YES;
				GCC_C_LANGUAGE_STANDARD = gnu99;
				GCC_NO_COMMON_BLOCKS = YES;
				GCC_WARN_64_TO_32_BIT_CONVERSION = YES;
				GCC_WARN_ABOUT_RETURN_TYPE = YES_ERROR;
				GCC_WARN_UNDECLARED_SELECTOR = YES;
				GCC_WARN_UNINITIALIZED_AUTOS = YES_AGGRESSIVE;
				GCC_WARN_UNUSED_FUNCTION = YES;
				GCC_WARN_UNUSED_VARIABLE = YES;
				MACOSX_DEPLOYMENT_TARGET = 10.11;
				MTL_ENABLE_DEBUG_INFO = NO;
				SDKROOT = macosx;
			};
			name = Release;
		};
		1B6C8A531B783C5F00713D00 /* Debug */ = {
			isa = XCBuildConfiguration;
			buildSettings = {
				ASSETCATALOG_COMPILER_APPICON_NAME = AppIcon;
				CLANG_ENABLE_MODULES = YES;
				COMBINE_HIDPI_IMAGES = YES;
				INFOPLIST_FILE = ColorInspector/Info.plist;
				LD_RUNPATH_SEARCH_PATHS = "$(inherited) @executable_path/../Frameworks";
				PRODUCT_BUNDLE_IDENTIFIER = "com.arahlf.$(PRODUCT_NAME:rfc1034identifier)";
				PRODUCT_NAME = "$(TARGET_NAME)";
				SWIFT_OBJC_BRIDGING_HEADER = "ColorInspector/ColorInspector-Bridging-Header.h";
				SWIFT_OPTIMIZATION_LEVEL = "-Onone";
			};
			name = Debug;
		};
		1B6C8A541B783C5F00713D00 /* Release */ = {
			isa = XCBuildConfiguration;
			buildSettings = {
				ASSETCATALOG_COMPILER_APPICON_NAME = AppIcon;
				CLANG_ENABLE_MODULES = YES;
				COMBINE_HIDPI_IMAGES = YES;
				INFOPLIST_FILE = ColorInspector/Info.plist;
				LD_RUNPATH_SEARCH_PATHS = "$(inherited) @executable_path/../Frameworks";
				PRODUCT_BUNDLE_IDENTIFIER = "com.arahlf.$(PRODUCT_NAME:rfc1034identifier)";
				PRODUCT_NAME = "$(TARGET_NAME)";
				SWIFT_OBJC_BRIDGING_HEADER = "ColorInspector/ColorInspector-Bridging-Header.h";
			};
			name = Release;
		};
		1B6C8A561B783C5F00713D00 /* Debug */ = {
			isa = XCBuildConfiguration;
			buildSettings = {
				BUNDLE_LOADER = "$(TEST_HOST)";
				COMBINE_HIDPI_IMAGES = YES;
				FRAMEWORK_SEARCH_PATHS = (
					"$(DEVELOPER_FRAMEWORKS_DIR)",
					"$(inherited)",
				);
				GCC_PREPROCESSOR_DEFINITIONS = (
					"DEBUG=1",
					"$(inherited)",
				);
				INFOPLIST_FILE = ColorInspectorTests/Info.plist;
				LD_RUNPATH_SEARCH_PATHS = "$(inherited) @executable_path/../Frameworks @loader_path/../Frameworks";
				PRODUCT_BUNDLE_IDENTIFIER = "com.arahlf.$(PRODUCT_NAME:rfc1034identifier)";
				PRODUCT_NAME = "$(TARGET_NAME)";
				TEST_HOST = "$(BUILT_PRODUCTS_DIR)/ColorInspector.app/Contents/MacOS/ColorInspector";
			};
			name = Debug;
		};
		1B6C8A571B783C5F00713D00 /* Release */ = {
			isa = XCBuildConfiguration;
			buildSettings = {
				BUNDLE_LOADER = "$(TEST_HOST)";
				COMBINE_HIDPI_IMAGES = YES;
				FRAMEWORK_SEARCH_PATHS = (
					"$(DEVELOPER_FRAMEWORKS_DIR)",
					"$(inherited)",
				);
				INFOPLIST_FILE = ColorInspectorTests/Info.plist;
				LD_RUNPATH_SEARCH_PATHS = "$(inherited) @executable_path/../Frameworks @loader_path/../Frameworks";
				PRODUCT_BUNDLE_IDENTIFIER = "com.arahlf.$(PRODUCT_NAME:rfc1034identifier)";
				PRODUCT_NAME = "$(TARGET_NAME)";
				TEST_HOST = "$(BUILT_PRODUCTS_DIR)/ColorInspector.app/Contents/MacOS/ColorInspector";
			};
			name = Release;
		};
/* End XCBuildConfiguration section */

/* Begin XCConfigurationList section */
		1B6C8A2D1B783C5E00713D00 /* Build configuration list for PBXProject "ColorInspector" */ = {
			isa = XCConfigurationList;
			buildConfigurations = (
				1B6C8A501B783C5F00713D00 /* Debug */,
				1B6C8A511B783C5F00713D00 /* Release */,
			);
			defaultConfigurationIsVisible = 0;
			defaultConfigurationName = Release;
		};
		1B6C8A521B783C5F00713D00 /* Build configuration list for PBXNativeTarget "ColorInspector" */ = {
			isa = XCConfigurationList;
			buildConfigurations = (
				1B6C8A531B783C5F00713D00 /* Debug */,
				1B6C8A541B783C5F00713D00 /* Release */,
			);
			defaultConfigurationIsVisible = 0;
			defaultConfigurationName = Release;
		};
		1B6C8A551B783C5F00713D00 /* Build configuration list for PBXNativeTarget "ColorInspectorTests" */ = {
			isa = XCConfigurationList;
			buildConfigurations = (
				1B6C8A561B783C5F00713D00 /* Debug */,
				1B6C8A571B783C5F00713D00 /* Release */,
			);
			defaultConfigurationIsVisible = 0;
			defaultConfigurationName = Release;
		};
/* End XCConfigurationList section */
	};
	rootObject = 1B6C8A2A1B783C5E00713D00 /* Project object */;
}
